<?xml version="1.0" encoding="utf-8"?>
<Project ToolsVersion="4.0" xmlns="http://schemas.microsoft.com/developer/msbuild/2003">
  <ItemGroup>
    <Filter Include="Command">
      <UniqueIdentifier>{2df7f132-dc86-4f3c-9b7a-aef06e4afa17}</UniqueIdentifier>
    </Filter>
    <Filter Include="Core">
      <UniqueIdentifier>{feec3648-6df7-477b-bde7-91a5cceda4b5}</UniqueIdentifier>
    </Filter>
    <Filter Include="Entity">
      <UniqueIdentifier>{009b1813-ff41-47ae-8483-068aa183e755}</UniqueIdentifier>
    </Filter>
    <Filter Include="Game">
      <UniqueIdentifier>{407ef7c6-04cd-4b38-9470-566c70fb5fb0}</UniqueIdentifier>
    </Filter>
    <Filter Include="Lua">
      <UniqueIdentifier>{b7bd16fa-a4b3-415b-bed0-1f739fe4f4c6}</UniqueIdentifier>
    </Filter>
    <Filter Include="Manager">
      <UniqueIdentifier>{4660048e-1bca-433e-8cdf-e7a9796820a7}</UniqueIdentifier>
    </Filter>
    <Filter Include="SharedUtil">
      <UniqueIdentifier>{d61b8b32-4941-4a23-ab26-00beaa7b4afe}</UniqueIdentifier>
    </Filter>
    <Filter Include="Math">
      <UniqueIdentifier>{5e1ab407-9be1-43b6-b601-235b31ecb58d}</UniqueIdentifier>
    </Filter>
    <Filter Include="Event">
      <UniqueIdentifier>{445363d5-0b8e-4b33-bd78-0d44b6b69c21}</UniqueIdentifier>
    </Filter>
    <Filter Include="Event\EventArgs">
      <UniqueIdentifier>{28daf7e0-6fc1-42df-a1c4-5479e31720b7}</UniqueIdentifier>
    </Filter>
    <Filter Include="Entity\Account">
      <UniqueIdentifier>{8c50b267-2379-43b8-90c4-e492df42d908}</UniqueIdentifier>
    </Filter>
    <Filter Include="Entity\Ban">
      <UniqueIdentifier>{84e04c8b-16d1-46ef-8547-26aefd8a81b3}</UniqueIdentifier>
    </Filter>
    <Filter Include="Entity\Blip">
      <UniqueIdentifier>{de66272e-5f00-4a81-8260-c5dfc09b553f}</UniqueIdentifier>
    </Filter>
    <Filter Include="Entity\ColShape">
      <UniqueIdentifier>{68166cd6-1aad-45a3-ba7e-0b8c247cb457}</UniqueIdentifier>
    </Filter>
    <Filter Include="Entity\Console">
      <UniqueIdentifier>{8a5aafc7-49aa-487c-b36b-e94576e94ca3}</UniqueIdentifier>
    </Filter>
    <Filter Include="Entity\Element">
      <UniqueIdentifier>{6a44e336-3e85-49ca-9c76-8859aa099741}</UniqueIdentifier>
    </Filter>
    <Filter Include="Entity\Marker">
      <UniqueIdentifier>{fee968b5-8c36-48e4-94e4-c88f3d56fe8b}</UniqueIdentifier>
    </Filter>
    <Filter Include="Entity\Object">
      <UniqueIdentifier>{59255694-b785-415c-8e1a-07be86f3a4bc}</UniqueIdentifier>
    </Filter>
    <Filter Include="Entity\Ped">
      <UniqueIdentifier>{c53abfa9-7d0e-4ae6-bc95-448344a70ac2}</UniqueIdentifier>
    </Filter>
    <Filter Include="Entity\Pickup">
      <UniqueIdentifier>{43ec8495-d6da-4bc7-8265-d55f061d71ae}</UniqueIdentifier>
    </Filter>
    <Filter Include="Entity\Player">
      <UniqueIdentifier>{4513d349-1c8e-4904-8a13-19b40f2ac0c4}</UniqueIdentifier>
    </Filter>
    <Filter Include="Entity\RadarArea">
      <UniqueIdentifier>{349827f8-3216-4c50-822f-58caa9641d2c}</UniqueIdentifier>
    </Filter>
    <Filter Include="Entity\Resource">
      <UniqueIdentifier>{608b2048-de5d-4d03-985a-bf045f1fc382}</UniqueIdentifier>
    </Filter>
    <Filter Include="Entity\Team">
      <UniqueIdentifier>{34b8d414-e89d-4b56-ab44-17992610f30e}</UniqueIdentifier>
    </Filter>
    <Filter Include="Entity\Vehicle">
      <UniqueIdentifier>{10434020-dd14-4bbf-8858-54f8f858e8fb}</UniqueIdentifier>
    </Filter>
    <Filter Include="Entity\Water">
      <UniqueIdentifier>{54bedff9-61d6-4039-bb2b-a52613e9cf73}</UniqueIdentifier>
    </Filter>
    <Filter Include="Entity\World">
      <UniqueIdentifier>{94b11af3-6d14-458e-ad3e-42e9913d46a5}</UniqueIdentifier>
    </Filter>
  </ItemGroup>
  <ItemGroup>
    <ClInclude Include="src\Core\ILuaModuleManager.h">
      <Filter>Core</Filter>
    </ClInclude>
    <ClInclude Include="src\Core\Module.h">
      <Filter>Core</Filter>
    </ClInclude>
    <ClInclude Include="src\Lua\Functions.h">
      <Filter>Lua</Filter>
    </ClInclude>
    <ClInclude Include="src\StdInc.h" />
    <ClInclude Include="src\Manager\ElementManager.h">
      <Filter>Manager</Filter>
    </ClInclude>
    <ClInclude Include="src\Manager\CommandManager.h">
      <Filter>Manager</Filter>
    </ClInclude>
    <ClInclude Include="src\Command\IConsoleCommand.h">
      <Filter>Command</Filter>
    </ClInclude>
    <ClInclude Include="src\Command\User.h">
      <Filter>Command</Filter>
    </ClInclude>
    <ClInclude Include="src\SharedUtil\SharedUtil.h">
      <Filter>SharedUtil</Filter>
    </ClInclude>
    <ClInclude Include="src\SharedUtil\VehicleColor.h">
      <Filter>SharedUtil</Filter>
    </ClInclude>
    <ClInclude Include="src\SharedUtil\Color.h">
      <Filter>SharedUtil</Filter>
    </ClInclude>
    <ClInclude Include="src\Lua\Bindings.h">
      <Filter>Lua</Filter>
    </ClInclude>
    <ClInclude Include="src\Math\Vector2.h">
      <Filter>Math</Filter>
    </ClInclude>
    <ClInclude Include="src\Math\Vector3.h">
      <Filter>Math</Filter>
    </ClInclude>
    <ClInclude Include="src\Manager\EventManager.h">
      <Filter>Manager</Filter>
    </ClInclude>
    <ClInclude Include="src\Event\Event.h">
      <Filter>Event</Filter>
    </ClInclude>
    <ClInclude Include="src\Event\EventHandler.h">
      <Filter>Event</Filter>
    </ClInclude>
    <ClInclude Include="src\Event\EventArgs.h">
      <Filter>Event</Filter>
    </ClInclude>
    <ClInclude Include="src\Event\EventRaisers.h">
      <Filter>Event</Filter>
    </ClInclude>
    <ClInclude Include="src\Event\EventArgs\AccountDataChangeEventArgs.h">
      <Filter>Event\EventArgs</Filter>
    </ClInclude>
    <ClInclude Include="src\Event\EventArgs\BanEventArgs.h">
      <Filter>Event\EventArgs</Filter>
    </ClInclude>
    <ClInclude Include="src\Event\EventArgs\ChatMessageEventArgs.h">
      <Filter>Event\EventArgs</Filter>
    </ClInclude>
    <ClInclude Include="src\Event\EventArgs\ElementColShapeEventArgs.h">
      <Filter>Event\EventArgs</Filter>
    </ClInclude>
    <ClInclude Include="src\Event\EventArgs\ElementDataChangeEventArgs.h">
      <Filter>Event\EventArgs</Filter>
    </ClInclude>
    <ClInclude Include="src\Event\EventArgs\ElementModelChangeEventArgs.h">
      <Filter>Event\EventArgs</Filter>
    </ClInclude>
    <ClInclude Include="src\Event\EventArgs\MarkerEventArgs.h">
      <Filter>Event\EventArgs</Filter>
    </ClInclude>
    <ClInclude Include="src\Event\EventArgs\PedEventArgs.h">
      <Filter>Event\EventArgs</Filter>
    </ClInclude>
    <ClInclude Include="src\Event\EventArgs\PedWastedEventArgs.h">
      <Filter>Event\EventArgs</Filter>
    </ClInclude>
    <ClInclude Include="src\Event\EventArgs\PedWeaponSwitchEventArgs.h">
      <Filter>Event\EventArgs</Filter>
    </ClInclude>
    <ClInclude Include="src\Event\EventArgs\PlayerBanEventArgs.h">
      <Filter>Event\EventArgs</Filter>
    </ClInclude>
    <ClInclude Include="src\Event\EventArgs\PlayerChangeNickEventArgs.h">
      <Filter>Event\EventArgs</Filter>
    </ClInclude>
    <ClInclude Include="src\Event\EventArgs\PlayerChatEventArgs.h">
      <Filter>Event\EventArgs</Filter>
    </ClInclude>
    <ClInclude Include="src\Event\EventArgs\PlayerClickEventArgs.h">
      <Filter>Event\EventArgs</Filter>
    </ClInclude>
    <ClInclude Include="src\Event\EventArgs\PlayerCommandEventArgs.h">
      <Filter>Event\EventArgs</Filter>
    </ClInclude>
    <ClInclude Include="src\Event\EventArgs\PlayerConnectEventArgs.h">
      <Filter>Event\EventArgs</Filter>
    </ClInclude>
    <ClInclude Include="src\Event\EventArgs\PlayerContactEventArgs.h">
      <Filter>Event\EventArgs</Filter>
    </ClInclude>
    <ClInclude Include="src\Event\EventArgs\PlayerDamageEvetArgs.h">
      <Filter>Event\EventArgs</Filter>
    </ClInclude>
    <ClInclude Include="src\Event\EventArgs\PlayerEventArgs.h">
      <Filter>Event\EventArgs</Filter>
    </ClInclude>
    <ClInclude Include="src\Event\EventArgs\PlayerLoginEventArgs.h">
      <Filter>Event\EventArgs</Filter>
    </ClInclude>
    <ClInclude Include="src\Event\EventArgs\PlayerLogoutEventArgs.h">
      <Filter>Event\EventArgs</Filter>
    </ClInclude>
    <ClInclude Include="src\Event\EventArgs\PlayerMarkerEventArgs.h">
      <Filter>Event\EventArgs</Filter>
    </ClInclude>
    <ClInclude Include="src\Event\EventArgs\PlayerModInfoEventArgs.h">
      <Filter>Event\EventArgs</Filter>
    </ClInclude>
    <ClInclude Include="src\Event\EventArgs\PlayerPickupHitEventArgs.h">
      <Filter>Event\EventArgs</Filter>
    </ClInclude>
    <ClInclude Include="src\Event\EventArgs\PlayerPickupUseEventArgs.h">
      <Filter>Event\EventArgs</Filter>
    </ClInclude>
    <ClInclude Include="src\Event\EventArgs\PlayerPrivateMessageEventArgs.h">
      <Filter>Event\EventArgs</Filter>
    </ClInclude>
    <ClInclude Include="src\Event\EventArgs\PlayerQuitEventArgs.h">
      <Filter>Event\EventArgs</Filter>
    </ClInclude>
    <ClInclude Include="src\Event\EventArgs\PlayerScreenShotEventArgs.h">
      <Filter>Event\EventArgs</Filter>
    </ClInclude>
    <ClInclude Include="src\Event\EventArgs\PlayerSpawnEventArgs.h">
      <Filter>Event\EventArgs</Filter>
    </ClInclude>
    <ClInclude Include="src\Event\EventArgs\PlayerTargetEventArgs.h">
      <Filter>Event\EventArgs</Filter>
    </ClInclude>
    <ClInclude Include="src\Event\EventArgs\PlayerVehicleEnterEventArgs.h">
      <Filter>Event\EventArgs</Filter>
    </ClInclude>
    <ClInclude Include="src\Event\EventArgs\ResourceEventArgs.h">
      <Filter>Event\EventArgs</Filter>
    </ClInclude>
    <ClInclude Include="src\Event\EventArgs\SettingChangeEventArgs.h">
      <Filter>Event\EventArgs</Filter>
    </ClInclude>
    <ClInclude Include="src\Event\EventArgs\UnbanEventArgs.h">
      <Filter>Event\EventArgs</Filter>
    </ClInclude>
    <ClInclude Include="src\Event\EventArgs\VehicleDamageEventArgs.h">
      <Filter>Event\EventArgs</Filter>
    </ClInclude>
    <ClInclude Include="src\Event\EventArgs\VehicleEnterEventArgs.h">
      <Filter>Event\EventArgs</Filter>
    </ClInclude>
    <ClInclude Include="src\Event\EventArgs\VehicleEventArgs.h">
      <Filter>Event\EventArgs</Filter>
    </ClInclude>
    <ClInclude Include="src\Event\EventArgs\VehicleRespawnEventArgs.h">
      <Filter>Event\EventArgs</Filter>
    </ClInclude>
    <ClInclude Include="src\Event\EventArgs\VehicleStartEnterEventArgs.h">
      <Filter>Event\EventArgs</Filter>
    </ClInclude>
    <ClInclude Include="src\Lua\LuaArgument.h">
      <Filter>Lua</Filter>
    </ClInclude>
    <ClInclude Include="src\Lua\LuaArguments.h">
      <Filter>Lua</Filter>
    </ClInclude>
    <ClInclude Include="src\Core\MySQL.h">
      <Filter>Core</Filter>
    </ClInclude>
    <ClInclude Include="src\Core\MySQLResult.h">
      <Filter>Core</Filter>
    </ClInclude>
    <ClInclude Include="src\Manager\DatabaseManager.h">
      <Filter>Manager</Filter>
    </ClInclude>
    <ClInclude Include="src\SharedUtil\VehicleWheelsState.h">
      <Filter>SharedUtil</Filter>
    </ClInclude>
    <ClInclude Include="src\SharedUtil\WeaponType.h">
      <Filter>SharedUtil</Filter>
    </ClInclude>
    <ClInclude Include="src\Entity\Account.h">
      <Filter>Entity\Account</Filter>
    </ClInclude>
    <ClInclude Include="src\Entity\Ban.h">
      <Filter>Entity\Ban</Filter>
    </ClInclude>
    <ClInclude Include="src\Entity\Blip.h">
      <Filter>Entity\Blip</Filter>
    </ClInclude>
    <ClInclude Include="src\Entity\ColShape.h">
      <Filter>Entity\ColShape</Filter>
    </ClInclude>
    <ClInclude Include="src\Entity\Console.h">
      <Filter>Entity\Console</Filter>
    </ClInclude>
    <ClInclude Include="src\Entity\Element.h">
      <Filter>Entity\Element</Filter>
    </ClInclude>
    <ClInclude Include="src\Entity\Marker.h">
      <Filter>Entity\Marker</Filter>
    </ClInclude>
    <ClInclude Include="src\Entity\Ped.h">
      <Filter>Entity\Ped</Filter>
    </ClInclude>
    <ClInclude Include="src\Entity\Object.h">
      <Filter>Entity\Object</Filter>
    </ClInclude>
    <ClInclude Include="src\Entity\Pickup.h">
      <Filter>Entity\Pickup</Filter>
    </ClInclude>
    <ClInclude Include="src\Entity\Player.h">
      <Filter>Entity\Player</Filter>
    </ClInclude>
    <ClInclude Include="src\Entity\RadarArea.h">
      <Filter>Entity\RadarArea</Filter>
    </ClInclude>
    <ClInclude Include="src\Entity\Resource.h">
      <Filter>Entity\Resource</Filter>
    </ClInclude>
    <ClInclude Include="src\Entity\Team.h">
      <Filter>Entity\Team</Filter>
    </ClInclude>
    <ClInclude Include="src\Entity\Vehicle.h">
      <Filter>Entity\Vehicle</Filter>
    </ClInclude>
    <ClInclude Include="src\Entity\Water.h">
      <Filter>Entity\Water</Filter>
    </ClInclude>
    <ClInclude Include="src\Entity\World.h">
      <Filter>Entity\World</Filter>
    </ClInclude>
    <ClInclude Include="src\Command\DB.h">
      <Filter>Command</Filter>
    </ClInclude>
  </ItemGroup>
  <ItemGroup>
    <ClCompile Include="src\Core\Module.cpp">
      <Filter>Core</Filter>
    </ClCompile>
    <ClCompile Include="src\Lua\Functions.cpp">
      <Filter>Lua</Filter>
    </ClCompile>
    <ClCompile Include="src\StdInc.cpp" />
    <ClCompile Include="src\xr.cpp" />
    <ClCompile Include="src\Manager\ElementManager.cpp">
      <Filter>Manager</Filter>
    </ClCompile>
    <ClCompile Include="src\Manager\CommandManager.cpp">
      <Filter>Manager</Filter>
    </ClCompile>
    <ClCompile Include="src\Command\User.cpp">
      <Filter>Command</Filter>
    </ClCompile>
    <ClCompile Include="src\SharedUtil\VehicleColor.cpp">
      <Filter>SharedUtil</Filter>
    </ClCompile>
    <ClCompile Include="src\SharedUtil\Color.cpp">
      <Filter>SharedUtil</Filter>
    </ClCompile>
    <ClCompile Include="src\Lua\Bindings.cpp">
      <Filter>Lua</Filter>
    </ClCompile>
    <ClCompile Include="src\Math\Vector2.cpp">
      <Filter>Math</Filter>
    </ClCompile>
    <ClCompile Include="src\Math\Vector3.cpp">
      <Filter>Math</Filter>
    </ClCompile>
    <ClCompile Include="src\Manager\EventManager.cpp">
      <Filter>Manager</Filter>
    </ClCompile>
    <ClCompile Include="src\Lua\LuaArgument.cpp">
      <Filter>Lua</Filter>
    </ClCompile>
    <ClCompile Include="src\Lua\LuaArguments.cpp">
      <Filter>Lua</Filter>
    </ClCompile>
    <ClCompile Include="src\Event\EventRaisers.cpp">
      <Filter>Event</Filter>
    </ClCompile>
    <ClCompile Include="src\Core\MySQL.cpp">
      <Filter>Core</Filter>
    </ClCompile>
    <ClCompile Include="src\Core\MySQLResult.cpp">
      <Filter>Core</Filter>
    </ClCompile>
    <ClCompile Include="src\Manager\DatabaseManager.cpp">
      <Filter>Manager</Filter>
    </ClCompile>
    <ClCompile Include="src\Entity\Account.cpp">
      <Filter>Entity\Account</Filter>
    </ClCompile>
    <ClCompile Include="src\Entity\Ban.cpp">
      <Filter>Entity\Ban</Filter>
    </ClCompile>
    <ClCompile Include="src\Entity\Blip.cpp">
      <Filter>Entity\Blip</Filter>
    </ClCompile>
    <ClCompile Include="src\Entity\ColShape.cpp">
      <Filter>Entity\ColShape</Filter>
    </ClCompile>
    <ClCompile Include="src\Entity\Console.cpp">
      <Filter>Entity\Console</Filter>
    </ClCompile>
    <ClCompile Include="src\Entity\Element.cpp">
      <Filter>Entity\Element</Filter>
    </ClCompile>
    <ClCompile Include="src\Entity\Marker.cpp">
      <Filter>Entity\Marker</Filter>
    </ClCompile>
    <ClCompile Include="src\Entity\Ped.cpp">
      <Filter>Entity\Ped</Filter>
    </ClCompile>
    <ClCompile Include="src\Entity\Object.cpp">
      <Filter>Entity\Object</Filter>
    </ClCompile>
    <ClCompile Include="src\Entity\Pickup.cpp">
      <Filter>Entity\Pickup</Filter>
    </ClCompile>
    <ClCompile Include="src\Entity\Player.cpp">
      <Filter>Entity\Player</Filter>
    </ClCompile>
    <ClCompile Include="src\Entity\RadarArea.cpp">
      <Filter>Entity\RadarArea</Filter>
    </ClCompile>
    <ClCompile Include="src\Entity\Resource.cpp">
      <Filter>Entity\Resource</Filter>
    </ClCompile>
    <ClCompile Include="src\Entity\Team.cpp">
      <Filter>Entity\Team</Filter>
    </ClCompile>
    <ClCompile Include="src\Entity\Vehicle.cpp">
      <Filter>Entity\Vehicle</Filter>
    </ClCompile>
    <ClCompile Include="src\Entity\Water.cpp">
      <Filter>Entity\Water</Filter>
    </ClCompile>
    <ClCompile Include="src\Entity\World.cpp">
      <Filter>Entity\World</Filter>
    </ClCompile>
    <ClCompile Include="src\Command\DB.cpp">
      <Filter>Command</Filter>
    </ClCompile>
  </ItemGroup>
  <ItemGroup>
    <None Include="src\Event\EventArgs\ConsoleEventArgs.h">
      <Filter>Event\EventArgs</Filter>
    </None>
    <None Include="src\Event\EventArgs\DebugMessageEventArgs.h">
      <Filter>Event\EventArgs</Filter>
    </None>
    <None Include="src\Event\EventArgs\ColShapeEventArgs.h">
      <Filter>Event\EventArgs</Filter>
    </None>
    <None Include="src\Event\EventArgs\ElementClickedEventArgs.h">
      <Filter>Event\EventArgs</Filter>
    </None>
  </ItemGroup>
</Project>